{
  "name": "serverless",
  "lockfileVersion": 2,
  "requires": true,
  "packages": {
    "": {
      "dependencies": {
        "nodemailer": "^6.9.5"
      }
    },
    "node_modules/nodemailer": {
      "version": "6.9.5",
      "resolved": "https://registry.npmjs.org/nodemailer/-/nodemailer-6.9.5.tgz",
      "integrity": "sha512-/dmdWo62XjumuLc5+AYQZeiRj+PRR8y8qKtFCOyuOl1k/hckZd8durUUHs/ucKx6/8kN+wFxqKJlQ/LK/qR5FA==",
      "engines": {
        "node": ">=6.0.0"
      }
    }
  },
  "dependencies": {
    "nodemailer": {
      "version": "6.9.5",
      "resolved": "https://registry.npmjs.org/nodemailer/-/nodemailer-6.9.5.tgz",
      "integrity": "sha512-/dmdWo62XjumuLc5+AYQZeiRj+PRR8y8qKtFCOyuOl1k/hckZd8durUUHs/ucKx6/8kN+wFxqKJlQ/LK/qR5FA=="
    }
  }
}
